<?xml version="1.0" encoding="utf-8"?>
<Project ToolsVersion="4.0" xmlns="http://schemas.microsoft.com/developer/msbuild/2003">
  <ItemGroup>
    <Filter Include="Source Files">
      <UniqueIdentifier>{4FC737F1-C7A5-4376-A066-2A32D752A2FF}</UniqueIdentifier>
      <Extensions>cpp;c;cc;cxx;def;odl;idl;hpj;bat;asm;asmx</Extensions>
    </Filter>
    <Filter Include="Header Files">
      <UniqueIdentifier>{93995380-89BD-4b04-88EB-625FBE52EBFB}</UniqueIdentifier>
      <Extensions>h;hh;hpp;hxx;hm;inl;inc;ipp;xsd</Extensions>
    </Filter>
    <Filter Include="Resource Files">
      <UniqueIdentifier>{67DA6AB6-F800-4c08-8B7A-83BB121AAD01}</UniqueIdentifier>
      <Extensions>rc;ico;cur;bmp;dlg;rc2;rct;bin;rgs;gif;jpg;jpeg;jpe;resx;tiff;tif;png;wav;mfcribbon-ms</Extensions>
    </Filter>
    <Filter Include="Header Files\Addons">
      <UniqueIdentifier>{0d6ffc8c-3b1c-43c4-8854-faa4865bc50d}</UniqueIdentifier>
    </Filter>
    <Filter Include="Header Files\Architects">
      <UniqueIdentifier>{df593388-2347-4792-92c4-038116977a6a}</UniqueIdentifier>
    </Filter>
    <Filter Include="Header Files\Blueprints">
      <UniqueIdentifier>{eb10c00d-d395-4816-80cc-6b2ad39ae90c}</UniqueIdentifier>
    </Filter>
    <Filter Include="Source Files\Architects">
      <UniqueIdentifier>{022e8baf-7ae0-4a27-820b-58d9bb87250b}</UniqueIdentifier>
    </Filter>
  </ItemGroup>
  <ItemGroup>
    <ClCompile Include="main.cpp">
      <Filter>Source Files</Filter>
    </ClCompile>
    <ClCompile Include="Building.cpp">
      <Filter>Source Files</Filter>
    </ClCompile>
    <ClCompile Include="Level.cpp">
      <Filter>Source Files</Filter>
    </ClCompile>
    <ClCompile Include="Buildable.cpp">
      <Filter>Source Files</Filter>
    </ClCompile>
    <ClCompile Include="CommandLineArchitect.cpp">
      <Filter>Source Files\Architects</Filter>
    </ClCompile>
  </ItemGroup>
  <ItemGroup>
    <ClInclude Include="Building.h">
      <Filter>Header Files</Filter>
    </ClInclude>
    <ClInclude Include="Level.h">
      <Filter>Header Files</Filter>
    </ClInclude>
    <ClInclude Include="LevelAddon.h">
      <Filter>Header Files\Addons</Filter>
    </ClInclude>
    <ClInclude Include="Buildable.h">
      <Filter>Header Files</Filter>
    </ClInclude>
    <ClInclude Include="Entrances.h">
      <Filter>Header Files\Addons</Filter>
    </ClInclude>
    <ClInclude Include="Windows.h">
      <Filter>Header Files\Addons</Filter>
    </ClInclude>
    <ClInclude Include="WindowFactory.h">
      <Filter>Header Files\Addons</Filter>
    </ClInclude>
    <ClInclude Include="EntranceFactory.h">
      <Filter>Header Files\Addons</Filter>
    </ClInclude>
    <ClInclude Include="StandardBuildingBlueprint.h">
      <Filter>Header Files\Blueprints</Filter>
    </ClInclude>
    <ClInclude Include="EntranceLevelBlueprint.h">
      <Filter>Header Files\Blueprints</Filter>
    </ClInclude>
    <ClInclude Include="LevelBlueprint.h">
      <Filter>Header Files\Blueprints</Filter>
    </ClInclude>
    <ClInclude Include="CommandLineArchitect.h">
      <Filter>Header Files\Architects</Filter>
    </ClInclude>
    <ClInclude Include="BuildableFactory.h">
      <Filter>Header Files</Filter>
    </ClInclude>
  </ItemGroup>
</Project>